importers:
  packages/rollup-plugin-package:
    dependencies:
      pkg-up: 3.1.0
    specifiers:
      pkg-up: ^3.1.0
  packages/rollup-plugin-pug:
    dependencies:
      pkg-dir: 5.0.0
      pug: 3.0.0
    specifiers:
      pkg-dir: ^5.0.0
      pug: ^3.0.0
lockfileVersion: 5.2
packages:
  /@babel/helper-validator-identifier/7.12.11:
    dev: false
    resolution:
      integrity: sha512-np/lG3uARFybkoHokJUmf1QfEvRVCPbmQeUQpKow5cQ3xWrV9i3rUHodKDJPQfTVX61qKi+UdYk8kik84n7XOw==
  /@babel/parser/7.12.16:
    dev: false
    engines:
      node: '>=6.0.0'
    hasBin: true
    resolution:
      integrity: sha512-c/+u9cqV6F0+4Hpq01jnJO+GLp2DdT63ppz9Xa+6cHaajM9VFzK/iDXiKK65YtpeVwu+ctfS6iqlMqRgQRzeCw==
  /@babel/types/7.12.13:
    dependencies:
      '@babel/helper-validator-identifier': 7.12.11
      lodash: 4.17.20
      to-fast-properties: 2.0.0
    dev: false
    resolution:
      integrity: sha512-oKrdZTld2im1z8bDwTOQvUbxKwE+854zc16qWZQlcTqMN00pWxHQ4ZeOq0yDMnisOpRykH2/5Qqcrk/OlbAjiQ==
  /acorn/7.4.1:
    dev: false
    engines:
      node: '>=0.4.0'
    hasBin: true
    resolution:
      integrity: sha512-nQyp0o1/mNdbTO1PO6kHkwSrmgZ0MT/jCCpNiwbUjGoRN4dlBhqJtoQuCnEOKzgTVwg0ZWiCoQy6SxMebQVh8A==
  /asap/2.0.6:
    dev: false
    resolution:
      integrity: sha1-5QNHYR1+aQlDIIu9r+vLwvuGbUY=
  /assert-never/1.2.1:
    dev: false
    resolution:
      integrity: sha512-TaTivMB6pYI1kXwrFlEhLeGfOqoDNdTxjCdwRfFFkEA30Eu+k48W34nlok2EYWJfFFzqaEmichdNM7th6M5HNw==
  /babel-walk/3.0.0-canary-5:
    dependencies:
      '@babel/types': 7.12.13
    dev: false
    engines:
      node: '>= 10.0.0'
    resolution:
      integrity: sha512-GAwkz0AihzY5bkwIY5QDR+LvsRQgB/B+1foMPvi0FZPMl5fjD7ICiznUiBdLYMH1QYe6vqu4gWYytZOccLouFw==
  /call-bind/1.0.2:
    dependencies:
      function-bind: 1.1.1
      get-intrinsic: 1.1.1
    dev: false
    resolution:
      integrity: sha512-7O+FbCihrB5WGbFYesctwmTKae6rOiIzmz1icreWJ+0aA7LJfuqhEso2T9ncpcFtzMQtzXf2QGGueWJGTYsqrA==
  /character-parser/2.2.0:
    dependencies:
      is-regex: 1.1.2
    dev: false
    resolution:
      integrity: sha1-x84o821LzZdE5f/CxfzeHHMmH8A=
  /constantinople/4.0.1:
    dependencies:
      '@babel/parser': 7.12.16
      '@babel/types': 7.12.13
    dev: false
    resolution:
      integrity: sha512-vCrqcSIq4//Gx74TXXCGnHpulY1dskqLTFGDmhrGxzeXL8lF8kvXv6mpNWlJj1uD4DW23D4ljAqbY4RRaaUZIw==
  /doctypes/1.1.0:
    dev: false
    resolution:
      integrity: sha1-6oCxBqh1OHdOijpKWv4pPeSJ4Kk=
  /find-up/3.0.0:
    dependencies:
      locate-path: 3.0.0
    dev: false
    engines:
      node: '>=6'
    resolution:
      integrity: sha512-1yD6RmLI1XBfxugvORwlck6f75tYL+iR0jqwsOrOxMZyGYqUuDhJ0l4AXdO1iX/FTs9cBAMEk1gWSEx1kSbylg==
  /find-up/5.0.0:
    dependencies:
      locate-path: 6.0.0
      path-exists: 4.0.0
    dev: false
    engines:
      node: '>=10'
    resolution:
      integrity: sha512-78/PXT1wlLLDgTzDs7sjq9hzz0vXD+zn+7wypEe4fXQxCmdmqfGsEPQxmiCSQI3ajFV91bVSsvNtrJRiW6nGng==
  /function-bind/1.1.1:
    dev: false
    resolution:
      integrity: sha512-yIovAzMX49sF8Yl58fSCWJ5svSLuaibPxXQJFLmBObTuCr0Mf1KiPopGM9NiFjiYBCbfaa2Fh6breQ6ANVTI0A==
  /get-intrinsic/1.1.1:
    dependencies:
      function-bind: 1.1.1
      has: 1.0.3
      has-symbols: 1.0.1
    dev: false
    resolution:
      integrity: sha512-kWZrnVM42QCiEA2Ig1bG8zjoIMOgxWwYCEeNdwY6Tv/cOSeGpcoX4pXHfKUxNKVoArnrEr2e9srnAxxGIraS9Q==
  /has-symbols/1.0.1:
    dev: false
    engines:
      node: '>= 0.4'
    resolution:
      integrity: sha512-PLcsoqu++dmEIZB+6totNFKq/7Do+Z0u4oT0zKOJNl3lYK6vGwwu2hjHs+68OEZbTjiUE9bgOABXbP/GvrS0Kg==
  /has/1.0.3:
    dependencies:
      function-bind: 1.1.1
    dev: false
    engines:
      node: '>= 0.4.0'
    resolution:
      integrity: sha512-f2dvO0VU6Oej7RkWJGrehjbzMAjFp5/VKPp5tTpWIV4JHHZK1/BxbFRtf/siA2SWTe09caDmVtYYzWEIbBS4zw==
  /is-core-module/2.2.0:
    dependencies:
      has: 1.0.3
    dev: false
    resolution:
      integrity: sha512-XRAfAdyyY5F5cOXn7hYQDqh2Xmii+DEfIcQGxK/uNwMHhIkPWO0g8msXcbzLe+MpGoR951MlqM/2iIlU4vKDdQ==
  /is-expression/4.0.0:
    dependencies:
      acorn: 7.4.1
      object-assign: 4.1.1
    dev: false
    resolution:
      integrity: sha512-zMIXX63sxzG3XrkHkrAPvm/OVZVSCPNkwMHU8oTX7/U3AL78I0QXCEICXUM13BIa8TYGZ68PiTKfQz3yaTNr4A==
  /is-promise/2.2.2:
    dev: false
    resolution:
      integrity: sha512-+lP4/6lKUBfQjZ2pdxThZvLUAafmZb8OAxFb8XXtiQmS35INgr85hdOGoEs124ez1FCnZJt6jau/T+alh58QFQ==
  /is-regex/1.1.2:
    dependencies:
      call-bind: 1.0.2
      has-symbols: 1.0.1
    dev: false
    engines:
      node: '>= 0.4'
    resolution:
      integrity: sha512-axvdhb5pdhEVThqJzYXwMlVuZwC+FF2DpcOhTS+y/8jVq4trxyPgfcwIxIKiyeuLlSQYKkmUaPQJ8ZE4yNKXDg==
  /js-stringify/1.0.2:
    dev: false
    resolution:
      integrity: sha1-Fzb939lyTyijaCrcYjCufk6Weds=
  /jstransformer/1.0.0:
    dependencies:
      is-promise: 2.2.2
      promise: 7.3.1
    dev: false
    resolution:
      integrity: sha1-7Yvwkh4vPx7U1cGkT2hwntJHIsM=
  /locate-path/3.0.0:
    dependencies:
      p-locate: 3.0.0
      path-exists: 3.0.0
    dev: false
    engines:
      node: '>=6'
    resolution:
      integrity: sha512-7AO748wWnIhNqAuaty2ZWHkQHRSNfPVIsPIfwEOWO22AmaoVrWavlOcMR5nzTLNYvp36X220/maaRsrec1G65A==
  /locate-path/6.0.0:
    dependencies:
      p-locate: 5.0.0
    dev: false
    engines:
      node: '>=10'
    resolution:
      integrity: sha512-iPZK6eYjbxRu3uB4/WZ3EsEIMJFMqAoopl3R+zuq0UjcAm/MO6KCweDgPfP3elTztoKP3KtnVHxTn2NHBSDVUw==
  /lodash/4.17.20:
    dev: false
    resolution:
      integrity: sha512-PlhdFcillOINfeV7Ni6oF1TAEayyZBoZ8bcshTHqOYJYlrqzRK5hagpagky5o4HfCzzd1TRkXPMFq6cKk9rGmA==
  /object-assign/4.1.1:
    dev: false
    engines:
      node: '>=0.10.0'
    resolution:
      integrity: sha1-IQmtx5ZYh8/AXLvUQsrIv7s2CGM=
  /p-limit/2.3.0:
    dependencies:
      p-try: 2.2.0
    dev: false
    engines:
      node: '>=6'
    resolution:
      integrity: sha512-//88mFWSJx8lxCzwdAABTJL2MyWB12+eIY7MDL2SqLmAkeKU9qxRvWuSyTjm3FUmpBEMuFfckAIqEaVGUDxb6w==
  /p-limit/3.1.0:
    dependencies:
      yocto-queue: 0.1.0
    dev: false
    engines:
      node: '>=10'
    resolution:
      integrity: sha512-TYOanM3wGwNGsZN2cVTYPArw454xnXj5qmWF1bEoAc4+cU/ol7GVh7odevjp1FNHduHc3KZMcFduxU5Xc6uJRQ==
  /p-locate/3.0.0:
    dependencies:
      p-limit: 2.3.0
    dev: false
    engines:
      node: '>=6'
    resolution:
      integrity: sha512-x+12w/To+4GFfgJhBEpiDcLozRJGegY+Ei7/z0tSLkMmxGZNybVMSfWj9aJn8Z5Fc7dBUNJOOVgPv2H7IwulSQ==
  /p-locate/5.0.0:
    dependencies:
      p-limit: 3.1.0
    dev: false
    engines:
      node: '>=10'
    resolution:
      integrity: sha512-LaNjtRWUBY++zB5nE/NwcaoMylSPk+S+ZHNB1TzdbMJMny6dynpAGt7X/tl/QYq3TIeE6nxHppbo2LGymrG5Pw==
  /p-try/2.2.0:
    dev: false
    engines:
      node: '>=6'
    resolution:
      integrity: sha512-R4nPAVTAU0B9D35/Gk3uJf/7XYbQcyohSKdvAxIRSNghFl4e71hVoGnBNQz9cWaXxO2I10KTC+3jMdvvoKw6dQ==
  /path-exists/3.0.0:
    dev: false
    engines:
      node: '>=4'
    resolution:
      integrity: sha1-zg6+ql94yxiSXqfYENe1mwEP1RU=
  /path-exists/4.0.0:
    dev: false
    engines:
      node: '>=8'
    resolution:
      integrity: sha512-ak9Qy5Q7jYb2Wwcey5Fpvg2KoAc/ZIhLSLOSBmRmygPsGwkVVt0fZa0qrtMz+m6tJTAHfZQ8FnmB4MG4LWy7/w==
  /path-parse/1.0.6:
    dev: false
    resolution:
      integrity: sha512-GSmOT2EbHrINBf9SR7CDELwlJ8AENk3Qn7OikK4nFYAu3Ote2+JYNVvkpAEQm3/TLNEJFD/xZJjzyxg3KBWOzw==
  /pkg-dir/5.0.0:
    dependencies:
      find-up: 5.0.0
    dev: false
    engines:
      node: '>=10'
    resolution:
      integrity: sha512-NPE8TDbzl/3YQYY7CSS228s3g2ollTFnc+Qi3tqmqJp9Vg2ovUpixcJEo2HJScN2Ez+kEaal6y70c0ehqJBJeA==
  /pkg-up/3.1.0:
    dependencies:
      find-up: 3.0.0
    dev: false
    engines:
      node: '>=8'
    resolution:
      integrity: sha512-nDywThFk1i4BQK4twPQ6TA4RT8bDY96yeuCVBWL3ePARCiEKDRSrNGbFIgUJpLp+XeIR65v8ra7WuJOFUBtkMA==
  /promise/7.3.1:
    dependencies:
      asap: 2.0.6
    dev: false
    resolution:
      integrity: sha512-nolQXZ/4L+bP/UGlkfaIujX9BKxGwmQ9OT4mOt5yvy8iK1h3wqTEJCijzGANTCCl9nWjY41juyAn2K3Q1hLLTg==
  /pug-attrs/3.0.0:
    dependencies:
      constantinople: 4.0.1
      js-stringify: 1.0.2
      pug-runtime: 3.0.0
    dev: false
    resolution:
      integrity: sha512-azINV9dUtzPMFQktvTXciNAfAuVh/L/JCl0vtPCwvOA21uZrC08K/UnmrL+SXGEVc1FwzjW62+xw5S/uaLj6cA==
  /pug-code-gen/3.0.1:
    dependencies:
      constantinople: 4.0.1
      doctypes: 1.1.0
      js-stringify: 1.0.2
      pug-attrs: 3.0.0
      pug-error: 2.0.0
      pug-runtime: 3.0.0
      void-elements: 3.1.0
      with: 7.0.2
    dev: false
    resolution:
      integrity: sha512-xJIGvmXTQlkJllq6hqxxjRWcay2F9CU69TuAuiVZgHK0afOhG5txrQOcZyaPHBvSWCU/QQOqEp5XCH94rRZpBQ==
  /pug-error/2.0.0:
    dev: false
    resolution:
      integrity: sha512-sjiUsi9M4RAGHktC1drQfCr5C5eriu24Lfbt4s+7SykztEOwVZtbFk1RRq0tzLxcMxMYTBR+zMQaG07J/btayQ==
  /pug-filters/4.0.0:
    dependencies:
      constantinople: 4.0.1
      jstransformer: 1.0.0
      pug-error: 2.0.0
      pug-walk: 2.0.0
      resolve: 1.20.0
    dev: false
    resolution:
      integrity: sha512-yeNFtq5Yxmfz0f9z2rMXGw/8/4i1cCFecw/Q7+D0V2DdtII5UvqE12VaZ2AY7ri6o5RNXiweGH79OCq+2RQU4A==
  /pug-lexer/5.0.0:
    dependencies:
      character-parser: 2.2.0
      is-expression: 4.0.0
      pug-error: 2.0.0
    dev: false
    resolution:
      integrity: sha512-52xMk8nNpuyQ/M2wjZBN5gXQLIylaGkAoTk5Y1pBhVqaopaoj8Z0iVzpbFZAqitL4RHNVDZRnJDsqEYe99Ti0A==
  /pug-linker/4.0.0:
    dependencies:
      pug-error: 2.0.0
      pug-walk: 2.0.0
    dev: false
    resolution:
      integrity: sha512-gjD1yzp0yxbQqnzBAdlhbgoJL5qIFJw78juN1NpTLt/mfPJ5VgC4BvkoD3G23qKzJtIIXBbcCt6FioLSFLOHdw==
  /pug-load/3.0.0:
    dependencies:
      object-assign: 4.1.1
      pug-walk: 2.0.0
    dev: false
    resolution:
      integrity: sha512-OCjTEnhLWZBvS4zni/WUMjH2YSUosnsmjGBB1An7CsKQarYSWQ0GCVyd4eQPMFJqZ8w9xgs01QdiZXKVjk92EQ==
  /pug-parser/6.0.0:
    dependencies:
      pug-error: 2.0.0
      token-stream: 1.0.0
    dev: false
    resolution:
      integrity: sha512-ukiYM/9cH6Cml+AOl5kETtM9NR3WulyVP2y4HOU45DyMim1IeP/OOiyEWRr6qk5I5klpsBnbuHpwKmTx6WURnw==
  /pug-runtime/3.0.0:
    dev: false
    resolution:
      integrity: sha512-GoEPcmQNnaTsePEdVA05bDpY+Op5VLHKayg08AQiqJBWU/yIaywEYv7TetC5dEQS3fzBBoyb2InDcZEg3mPTIA==
  /pug-strip-comments/2.0.0:
    dependencies:
      pug-error: 2.0.0
    dev: false
    resolution:
      integrity: sha512-zo8DsDpH7eTkPHCXFeAk1xZXJbyoTfdPlNR0bK7rpOMuhBYb0f5qUVCO1xlsitYd3w5FQTK7zpNVKb3rZoUrrQ==
  /pug-walk/2.0.0:
    dev: false
    resolution:
      integrity: sha512-yYELe9Q5q9IQhuvqsZNwA5hfPkMJ8u92bQLIMcsMxf/VADjNtEYptU+inlufAFYcWdHlwNfZOEnOOQrZrcyJCQ==
  /pug/3.0.0:
    dependencies:
      pug-code-gen: 3.0.1
      pug-filters: 4.0.0
      pug-lexer: 5.0.0
      pug-linker: 4.0.0
      pug-load: 3.0.0
      pug-parser: 6.0.0
      pug-runtime: 3.0.0
      pug-strip-comments: 2.0.0
    dev: false
    resolution:
      integrity: sha512-inmsJyFBSHZaiGLaguoFgJGViX0If6AcfcElimvwj9perqjDpUpw79UIEDZbWFmoGVidh08aoE+e8tVkjVJPCw==
  /resolve/1.20.0:
    dependencies:
      is-core-module: 2.2.0
      path-parse: 1.0.6
    dev: false
    resolution:
      integrity: sha512-wENBPt4ySzg4ybFQW2TT1zMQucPK95HSh/nq2CFTZVOGut2+pQvSsgtda4d26YrYcr067wjbmzOG8byDPBX63A==
  /to-fast-properties/2.0.0:
    dev: false
    engines:
      node: '>=4'
    resolution:
      integrity: sha1-3F5pjL0HkmW8c+A3doGk5Og/YW4=
  /token-stream/1.0.0:
    dev: false
    resolution:
      integrity: sha1-zCAOqyYT9BZtJ/+a/HylbUnfbrQ=
  /void-elements/3.1.0:
    dev: false
    engines:
      node: '>=0.10.0'
    resolution:
      integrity: sha1-YU9/v42AHwu18GYfWy9XhXUOTwk=
  /with/7.0.2:
    dependencies:
      '@babel/parser': 7.12.16
      '@babel/types': 7.12.13
      assert-never: 1.2.1
      babel-walk: 3.0.0-canary-5
    dev: false
    engines:
      node: '>= 10.0.0'
    resolution:
      integrity: sha512-RNGKj82nUPg3g5ygxkQl0R937xLyho1J24ItRCBTr/m1YnZkzJy1hUiHUJrc/VlsDQzsCnInEGSg3bci0Lmd4w==
  /yocto-queue/0.1.0:
    dev: false
    engines:
      node: '>=10'
    resolution:
      integrity: sha512-rVksvsnNCdJ/ohGc6xgPwyN8eheCxsiLM8mxuE/t/mOVqJewPuO1miLpTHQiRgTKCLexL4MeAFVagts7HmNZ2Q==
